
Microsoft Visual Studio Solution File, Format Version 12.00
# Visual Studio Version 17
VisualStudioVersion = 17.0.32112.339
MinimumVisualStudioVersion = 10.0.40219.1
Project("{FAE04EC0-301F-11D3-BF4B-00C04F79EFBC}") = "continue statement", "continue statement\continue statement.csproj", "{0857A0F5-937E-48D5-9B0C-88F4A7121C73}"
EndProject
Global
	GlobalSection(SolutionConfigurationPlatforms) = preSolution
		Debug|Any CPU = Debug|Any CPU
		Release|Any CPU = Release|Any CPU
	EndGlobalSection
	GlobalSection(ProjectConfigurationPlatforms) = postSolution
		{0857A0F5-937E-48D5-9B0C-88F4A7121C73}.Debug|Any CPU.ActiveCfg = Debug|Any CPU
		{0857A0F5-937E-48D5-9B0C-88F4A7121C73}.Debug|Any CPU.Build.0 = Debug|Any CPU
		{0857A0F5-937E-48D5-9B0C-88F4A7121C73}.Release|Any CPU.ActiveCfg = Release|Any CPU
		{0857A0F5-937E-48D5-9B0C-88F4A7121C73}.Release|Any CPU.Build.0 = Release|Any CPU
	EndGlobalSection
	GlobalSection(SolutionProperties) = preSolution
		HideSolutionNode = FALSE
	EndGlobalSection
	GlobalSection(ExtensibilityGlobals) = postSolution
		SolutionGuid = {818F5A16-E932-40F7-886E-157D5E60642B}
	EndGlobalSection
EndGlobal
